
Microsoft Visual Studio Solution File, Format Version 12.00
# Visual Studio Version 17
VisualStudioVersion = 17.2.32516.85
MinimumVisualStudioVersion = 10.0.40219.1
Project("{FAE04EC0-301F-11D3-BF4B-00C04F79EFBC}") = "RegNewAPI2", "RegNewAPI2\RegNewAPI2.csproj", "{2ACE050B-5E56-444E-B6D3-C043C27D7193}"
EndProject
Project("{FAE04EC0-301F-11D3-BF4B-00C04F79EFBC}") = "RegNewMVC2", "RegNewMVC2\RegNewMVC2.csproj", "{D30AF38F-4DFC-482E-86B9-C1CD47506EBD}"
EndProject
Global
	GlobalSection(SolutionConfigurationPlatforms) = preSolution
		Debug|Any CPU = Debug|Any CPU
		Release|Any CPU = Release|Any CPU
	EndGlobalSection
	GlobalSection(ProjectConfigurationPlatforms) = postSolution
		{2ACE050B-5E56-444E-B6D3-C043C27D7193}.Debug|Any CPU.ActiveCfg = Debug|Any CPU
		{2ACE050B-5E56-444E-B6D3-C043C27D7193}.Debug|Any CPU.Build.0 = Debug|Any CPU
		{2ACE050B-5E56-444E-B6D3-C043C27D7193}.Release|Any CPU.ActiveCfg = Release|Any CPU
		{2ACE050B-5E56-444E-B6D3-C043C27D7193}.Release|Any CPU.Build.0 = Release|Any CPU
		{D30AF38F-4DFC-482E-86B9-C1CD47506EBD}.Debug|Any CPU.ActiveCfg = Debug|Any CPU
		{D30AF38F-4DFC-482E-86B9-C1CD47506EBD}.Debug|Any CPU.Build.0 = Debug|Any CPU
		{D30AF38F-4DFC-482E-86B9-C1CD47506EBD}.Release|Any CPU.ActiveCfg = Release|Any CPU
		{D30AF38F-4DFC-482E-86B9-C1CD47506EBD}.Release|Any CPU.Build.0 = Release|Any CPU
	EndGlobalSection
	GlobalSection(SolutionProperties) = preSolution
		HideSolutionNode = FALSE
	EndGlobalSection
	GlobalSection(ExtensibilityGlobals) = postSolution
		SolutionGuid = {F71E1325-2FDC-4E1E-8662-174A8711D63C}
	EndGlobalSection
EndGlobal
